{
  "name": "@guidebooks/store",
  "version": "7.4.4",
  "lockfileVersion": 2,
  "requires": true,
  "packages": {
    "": {
      "name": "@guidebooks/store",
      "version": "7.4.4",
      "license": "Apache-2.0",
      "devDependencies": {
        "madwizard-cli-core": "^8.0.1"
      }
    },
    "node_modules/madwizard-cli-core": {
      "version": "8.0.1",
      "resolved": "https://registry.npmjs.org/madwizard-cli-core/-/madwizard-cli-core-8.0.1.tgz",
      "integrity": "sha512-3XnVSG4BVEbm14SnuTHuFxKwRE2fTdOJ2zotczGjmwornyxtgmw561WEpCF6xQZD+WsycO8utoo90sEUbwSgWg==",
      "dev": true,
      "bin": {
        "madwizard": "bin/madwizard"
      }
    }
  },
  "dependencies": {
    "madwizard-cli-core": {
      "version": "8.0.1",
      "resolved": "https://registry.npmjs.org/madwizard-cli-core/-/madwizard-cli-core-8.0.1.tgz",
      "integrity": "sha512-3XnVSG4BVEbm14SnuTHuFxKwRE2fTdOJ2zotczGjmwornyxtgmw561WEpCF6xQZD+WsycO8utoo90sEUbwSgWg==",
      "dev": true
    }
  }
}
