{
  "name": "@guidebooks/store",
  "version": "1.8.0",
  "lockfileVersion": 2,
  "requires": true,
  "packages": {
    "": {
      "name": "@guidebooks/store",
      "version": "1.8.0",
      "license": "Apache-2.0",
      "devDependencies": {
        "madwizard-cli": "^2.2.7"
      }
    },
    "node_modules/madwizard-cli": {
      "version": "2.2.7",
      "resolved": "https://registry.npmjs.org/madwizard-cli/-/madwizard-cli-2.2.7.tgz",
      "integrity": "sha512-rf0MoevL42aGquah4JPaROpK7uswHMt3xGQ/EOYpmPkSMKVhQ2g9JgJOJ4M0VrwvmEnPGCjoBi0OYEOcJ1C3rg==",
      "dev": true,
      "bin": {
        "madwizard": "bin/madwizard"
      }
    }
  },
  "dependencies": {
    "madwizard-cli": {
      "version": "2.2.7",
      "resolved": "https://registry.npmjs.org/madwizard-cli/-/madwizard-cli-2.2.7.tgz",
      "integrity": "sha512-rf0MoevL42aGquah4JPaROpK7uswHMt3xGQ/EOYpmPkSMKVhQ2g9JgJOJ4M0VrwvmEnPGCjoBi0OYEOcJ1C3rg==",
      "dev": true
    }
  }
}
