{
  "name": "@guidebooks/store",
  "version": "7.9.13",
  "lockfileVersion": 2,
  "requires": true,
  "packages": {
    "": {
      "name": "@guidebooks/store",
      "version": "7.9.13",
      "license": "Apache-2.0",
      "devDependencies": {
        "madwizard-cli-core": "^8.0.13"
      }
    },
    "node_modules/madwizard-cli-core": {
      "version": "8.0.13",
      "resolved": "https://registry.npmjs.org/madwizard-cli-core/-/madwizard-cli-core-8.0.13.tgz",
      "integrity": "sha512-nEE+xEMSrMevYj7jieyANH5qGemp3Yp4a7wepgDSaSlaa46UllwHfSArCZl1gn0twCunZib5hwX6mm/inXmzcw==",
      "dev": true,
      "bin": {
        "madwizard": "bin/madwizard"
      }
    }
  },
  "dependencies": {
    "madwizard-cli-core": {
      "version": "8.0.13",
      "resolved": "https://registry.npmjs.org/madwizard-cli-core/-/madwizard-cli-core-8.0.13.tgz",
      "integrity": "sha512-nEE+xEMSrMevYj7jieyANH5qGemp3Yp4a7wepgDSaSlaa46UllwHfSArCZl1gn0twCunZib5hwX6mm/inXmzcw==",
      "dev": true
    }
  }
}
